
Microsoft Visual Studio Solution File, Format Version 12.00
# Visual Studio Version 18
VisualStudioVersion = 18.1.11304.174 d18.0
MinimumVisualStudioVersion = 10.0.40219.1
Project("{FAE04EC0-301F-11D3-BF4B-00C04F79EFBC}") = "RestWithASPNET10", "RestWithASPNET10\RestWithASPNET10.csproj", "{6C52F08C-CFC2-4224-BE22-0F910147317B}"
EndProject
Global
	GlobalSection(SolutionConfigurationPlatforms) = preSolution
		Debug|Any CPU = Debug|Any CPU
		Debug|x64 = Debug|x64
		Debug|x86 = Debug|x86
		Release|Any CPU = Release|Any CPU
		Release|x64 = Release|x64
		Release|x86 = Release|x86
	EndGlobalSection
	GlobalSection(ProjectConfigurationPlatforms) = postSolution
		{6C52F08C-CFC2-4224-BE22-0F910147317B}.Debug|Any CPU.ActiveCfg = Debug|Any CPU
		{6C52F08C-CFC2-4224-BE22-0F910147317B}.Debug|Any CPU.Build.0 = Debug|Any CPU
		{6C52F08C-CFC2-4224-BE22-0F910147317B}.Debug|x64.ActiveCfg = Debug|Any CPU
		{6C52F08C-CFC2-4224-BE22-0F910147317B}.Debug|x64.Build.0 = Debug|Any CPU
		{6C52F08C-CFC2-4224-BE22-0F910147317B}.Debug|x86.ActiveCfg = Debug|Any CPU
		{6C52F08C-CFC2-4224-BE22-0F910147317B}.Debug|x86.Build.0 = Debug|Any CPU
		{6C52F08C-CFC2-4224-BE22-0F910147317B}.Release|Any CPU.ActiveCfg = Release|Any CPU
		{6C52F08C-CFC2-4224-BE22-0F910147317B}.Release|Any CPU.Build.0 = Release|Any CPU
		{6C52F08C-CFC2-4224-BE22-0F910147317B}.Release|x64.ActiveCfg = Release|Any CPU
		{6C52F08C-CFC2-4224-BE22-0F910147317B}.Release|x64.Build.0 = Release|Any CPU
		{6C52F08C-CFC2-4224-BE22-0F910147317B}.Release|x86.ActiveCfg = Release|Any CPU
		{6C52F08C-CFC2-4224-BE22-0F910147317B}.Release|x86.Build.0 = Release|Any CPU
	EndGlobalSection
	GlobalSection(SolutionProperties) = preSolution
		HideSolutionNode = FALSE
	EndGlobalSection
	GlobalSection(ExtensibilityGlobals) = postSolution
		SolutionGuid = {2A097DB0-7488-4333-9709-F599A834F1F3}
	EndGlobalSection
EndGlobal
